
Microsoft Visual Studio Solution File, Format Version 12.00
# Visual Studio Version 16
VisualStudioVersion = 16.0.30804.86
MinimumVisualStudioVersion = 10.0.40219.1
Project("{FAE04EC0-301F-11D3-BF4B-00C04F79EFBC}") = "Requirements", "Requirements\Requirements.csproj", "{EE308F9C-8B1C-4051-9F39-7AB498002C99}"
EndProject
Global
	GlobalSection(SolutionConfigurationPlatforms) = preSolution
		Debug|Any CPU = Debug|Any CPU
		Release|Any CPU = Release|Any CPU
	EndGlobalSection
	GlobalSection(ProjectConfigurationPlatforms) = postSolution
		{EE308F9C-8B1C-4051-9F39-7AB498002C99}.Debug|Any CPU.ActiveCfg = Debug|Any CPU
		{EE308F9C-8B1C-4051-9F39-7AB498002C99}.Debug|Any CPU.Build.0 = Debug|Any CPU
		{EE308F9C-8B1C-4051-9F39-7AB498002C99}.Release|Any CPU.ActiveCfg = Release|Any CPU
		{EE308F9C-8B1C-4051-9F39-7AB498002C99}.Release|Any CPU.Build.0 = Release|Any CPU
	EndGlobalSection
	GlobalSection(SolutionProperties) = preSolution
		HideSolutionNode = FALSE
	EndGlobalSection
	GlobalSection(ExtensibilityGlobals) = postSolution
		SolutionGuid = {F0513699-C9EE-40F2-8F1E-18977C5AFCE1}
	EndGlobalSection
EndGlobal
